
Microsoft Visual Studio Solution File, Format Version 12.00
# Visual Studio Version 17
VisualStudioVersion = 17.11.35327.3
MinimumVisualStudioVersion = 10.0.40219.1
Project("{FAE04EC0-301F-11D3-BF4B-00C04F79EFBC}") = "ExámenProgramacion3P2", "ExámenProgramacion3P2\ExámenProgramacion3P2.csproj", "{550643CD-1194-4B41-8731-F03BC9D4EF67}"
EndProject
Global
	GlobalSection(SolutionConfigurationPlatforms) = preSolution
		Debug|Any CPU = Debug|Any CPU
		Release|Any CPU = Release|Any CPU
	EndGlobalSection
	GlobalSection(ProjectConfigurationPlatforms) = postSolution
		{550643CD-1194-4B41-8731-F03BC9D4EF67}.Debug|Any CPU.ActiveCfg = Debug|Any CPU
		{550643CD-1194-4B41-8731-F03BC9D4EF67}.Debug|Any CPU.Build.0 = Debug|Any CPU
		{550643CD-1194-4B41-8731-F03BC9D4EF67}.Release|Any CPU.ActiveCfg = Release|Any CPU
		{550643CD-1194-4B41-8731-F03BC9D4EF67}.Release|Any CPU.Build.0 = Release|Any CPU
	EndGlobalSection
	GlobalSection(SolutionProperties) = preSolution
		HideSolutionNode = FALSE
	EndGlobalSection
	GlobalSection(ExtensibilityGlobals) = postSolution
		SolutionGuid = {28F8AA63-CFCA-40D9-BBA9-E6CE28947034}
	EndGlobalSection
EndGlobal
